
Microsoft Visual Studio Solution File, Format Version 12.00
# Visual Studio Version 17
VisualStudioVersion = 17.2.32616.157
MinimumVisualStudioVersion = 10.0.40219.1
Project("{FAE04EC0-301F-11D3-BF4B-00C04F79EFBC}") = "ProjetoSenac", "ProjetoSenac\ProjetoSenac.csproj", "{BB18710D-0878-423D-ADDB-ADDEAAACBEB5}"
EndProject
Global
	GlobalSection(SolutionConfigurationPlatforms) = preSolution
		Debug|Any CPU = Debug|Any CPU
		Release|Any CPU = Release|Any CPU
	EndGlobalSection
	GlobalSection(ProjectConfigurationPlatforms) = postSolution
		{BB18710D-0878-423D-ADDB-ADDEAAACBEB5}.Debug|Any CPU.ActiveCfg = Debug|Any CPU
		{BB18710D-0878-423D-ADDB-ADDEAAACBEB5}.Debug|Any CPU.Build.0 = Debug|Any CPU
		{BB18710D-0878-423D-ADDB-ADDEAAACBEB5}.Release|Any CPU.ActiveCfg = Release|Any CPU
		{BB18710D-0878-423D-ADDB-ADDEAAACBEB5}.Release|Any CPU.Build.0 = Release|Any CPU
	EndGlobalSection
	GlobalSection(SolutionProperties) = preSolution
		HideSolutionNode = FALSE
	EndGlobalSection
	GlobalSection(ExtensibilityGlobals) = postSolution
		SolutionGuid = {BE9D3909-2995-40AC-8566-0B2A0815F21B}
	EndGlobalSection
EndGlobal
